// !$*UTF8*$!
{
	archiveVersion = 1;
	classes = {
	};
	objectVersion = 46;
	objects = {

/* Begin PBXBuildFile section */
		3CD24FCD1B04584A00736C9D /* main.m in Sources */ = {isa = PBXBuildFile; fileRef = 3CD24FCC1B04584A00736C9D /* main.m */; };
		3CD24FD01B04584A00736C9D /* AppDelegate.m in Sources */ = {isa = PBXBuildFile; fileRef = 3CD24FCF1B04584A00736C9D /* AppDelegate.m */; };
		3CD24FD31B04584A00736C9D /* ViewController.m in Sources */ = {isa = PBXBuildFile; fileRef = 3CD24FD21B04584A00736C9D /* ViewController.m */; };
		3CD24FD61B04584A00736C9D /* Main.storyboard in Resources */ = {isa = PBXBuildFile; fileRef = 3CD24FD41B04584A00736C9D /* Main.storyboard */; };
		3CD24FD81B04584A00736C9D /* Images.xcassets in Resources */ = {isa = PBXBuildFile; fileRef = 3CD24FD71B04584A00736C9D /* Images.xcassets */; };
		3CD24FDB1B04584A00736C9D /* LaunchScreen.xib in Resources */ = {isa = PBXBuildFile; fileRef = 3CD24FD91B04584A00736C9D /* LaunchScreen.xib */; };
		3CD24FE71B04584A00736C9D /* SKPingServicesTests.m in Sources */ = {isa = PBXBuildFile; fileRef = 3CD24FE61B04584A00736C9D /* SKPingServicesTests.m */; };
		3CD24FF51B04586300736C9D /* SimplePing.m in Sources */ = {isa = PBXBuildFile; fileRef = 3CD24FF21B04586300736C9D /* SimplePing.m */; settings = {COMPILER_FLAGS = "-fno-objc-arc"; }; };
		3CD24FF61B04586300736C9D /* SKPingServices.m in Sources */ = {isa = PBXBuildFile; fileRef = 3CD24FF41B04586300736C9D /* SKPingServices.m */; };
/* End PBXBuildFile section */

/* Begin PBXContainerItemProxy section */
		3CD24FE11B04584A00736C9D /* PBXContainerItemProxy */ = {
			isa = PBXContainerItemProxy;
			containerPortal = 3CD24FBF1B04584A00736C9D /* Project object */;
			proxyType = 1;
			remoteGlobalIDString = 3CD24FC61B04584A00736C9D;
			remoteInfo = SKPingServices;
		};
/* End PBXContainerItemProxy section */

/* Begin PBXFileReference section */
		3CD24FC71B04584A00736C9D /* SKPingServices.app */ = {isa = PBXFileReference; explicitFileType = wrapper.application; includeInIndex = 0; path = SKPingServices.app; sourceTree = BUILT_PRODUCTS_DIR; };
		3CD24FCB1B04584A00736C9D /* Info.plist */ = {isa = PBXFileReference; lastKnownFileType = text.plist.xml; path = Info.plist; sourceTree = "<group>"; };
		3CD24FCC1B04584A00736C9D /* main.m */ = {isa = PBXFileReference; lastKnownFileType = sourcecode.c.objc; path = main.m; sourceTree = "<group>"; };
		3CD24FCE1B04584A00736C9D /* AppDelegate.h */ = {isa = PBXFileReference; lastKnownFileType = sourcecode.c.h; path = AppDelegate.h; sourceTree = "<group>"; };
		3CD24FCF1B04584A00736C9D /* AppDelegate.m */ = {isa = PBXFileReference; lastKnownFileType = sourcecode.c.objc; path = AppDelegate.m; sourceTree = "<group>"; };
		3CD24FD11B04584A00736C9D /* ViewController.h */ = {isa = PBXFileReference; lastKnownFileType = sourcecode.c.h; path = ViewController.h; sourceTree = "<group>"; };
		3CD24FD21B04584A00736C9D /* ViewController.m */ = {isa = PBXFileReference; lastKnownFileType = sourcecode.c.objc; path = ViewController.m; sourceTree = "<group>"; };
		3CD24FD51B04584A00736C9D /* Base */ = {isa = PBXFileReference; lastKnownFileType = file.storyboard; name = Base; path = Base.lproj/Main.storyboard; sourceTree = "<group>"; };
		3CD24FD71B04584A00736C9D /* Images.xcassets */ = {isa = PBXFileReference; lastKnownFileType = folder.assetcatalog; path = Images.xcassets; sourceTree = "<group>"; };
		3CD24FDA1B04584A00736C9D /* Base */ = {isa = PBXFileReference; lastKnownFileType = file.xib; name = Base; path = Base.lproj/LaunchScreen.xib; sourceTree = "<group>"; };
		3CD24FE01B04584A00736C9D /* SKPingServicesTests.xctest */ = {isa = PBXFileReference; explicitFileType = wrapper.cfbundle; includeInIndex = 0; path = SKPingServicesTests.xctest; sourceTree = BUILT_PRODUCTS_DIR; };
		3CD24FE51B04584A00736C9D /* Info.plist */ = {isa = PBXFileReference; lastKnownFileType = text.plist.xml; path = Info.plist; sourceTree = "<group>"; };
		3CD24FE61B04584A00736C9D /* SKPingServicesTests.m */ = {isa = PBXFileReference; lastKnownFileType = sourcecode.c.objc; path = SKPingServicesTests.m; sourceTree = "<group>"; };
		3CD24FF11B04586300736C9D /* SimplePing.h */ = {isa = PBXFileReference; fileEncoding = 4; lastKnownFileType = sourcecode.c.h; path = SimplePing.h; sourceTree = "<group>"; };
		3CD24FF21B04586300736C9D /* SimplePing.m */ = {isa = PBXFileReference; fileEncoding = 4; lastKnownFileType = sourcecode.c.objc; path = SimplePing.m; sourceTree = "<group>"; };
		3CD24FF31B04586300736C9D /* SKPingServices.h */ = {isa = PBXFileReference; fileEncoding = 4; lastKnownFileType = sourcecode.c.h; path = SKPingServices.h; sourceTree = "<group>"; };
		3CD24FF41B04586300736C9D /* SKPingServices.m */ = {isa = PBXFileReference; fileEncoding = 4; lastKnownFileType = sourcecode.c.objc; path = SKPingServices.m; sourceTree = "<group>"; };
/* End PBXFileReference section */

/* Begin PBXFrameworksBuildPhase section */
		3CD24FC41B04584A00736C9D /* Frameworks */ = {
			isa = PBXFrameworksBuildPhase;
			buildActionMask = 2147483647;
			files = (
			);
			runOnlyForDeploymentPostprocessing = 0;
		};
		3CD24FDD1B04584A00736C9D /* Frameworks */ = {
			isa = PBXFrameworksBuildPhase;
			buildActionMask = 2147483647;
			files = (
			);
			runOnlyForDeploymentPostprocessing = 0;
		};
/* End PBXFrameworksBuildPhase section */

/* Begin PBXGroup section */
		3CD24FBE1B04584A00736C9D = {
			isa = PBXGroup;
			children = (
				3CD24FC91B04584A00736C9D /* SKPingServices */,
				3CD24FE31B04584A00736C9D /* SKPingServicesTests */,
				3CD24FC81B04584A00736C9D /* Products */,
			);
			sourceTree = "<group>";
		};
		3CD24FC81B04584A00736C9D /* Products */ = {
			isa = PBXGroup;
			children = (
				3CD24FC71B04584A00736C9D /* SKPingServices.app */,
				3CD24FE01B04584A00736C9D /* SKPingServicesTests.xctest */,
			);
			name = Products;
			sourceTree = "<group>";
		};
		3CD24FC91B04584A00736C9D /* SKPingServices */ = {
			isa = PBXGroup;
			children = (
				3CD24FF01B04586300736C9D /* SimplePing */,
				3CD24FCE1B04584A00736C9D /* AppDelegate.h */,
				3CD24FCF1B04584A00736C9D /* AppDelegate.m */,
				3CD24FD11B04584A00736C9D /* ViewController.h */,
				3CD24FD21B04584A00736C9D /* ViewController.m */,
				3CD24FD41B04584A00736C9D /* Main.storyboard */,
				3CD24FD71B04584A00736C9D /* Images.xcassets */,
				3CD24FD91B04584A00736C9D /* LaunchScreen.xib */,
				3CD24FCA1B04584A00736C9D /* Supporting Files */,
			);
			path = SKPingServices;
			sourceTree = "<group>";
		};
		3CD24FCA1B04584A00736C9D /* Supporting Files */ = {
			isa = PBXGroup;
			children = (
				3CD24FCB1B04584A00736C9D /* Info.plist */,
				3CD24FCC1B04584A00736C9D /* main.m */,
			);
			name = "Supporting Files";
			sourceTree = "<group>";
		};
		3CD24FE31B04584A00736C9D /* SKPingServicesTests */ = {
			isa = PBXGroup;
			children = (
				3CD24FE61B04584A00736C9D /* SKPingServicesTests.m */,
				3CD24FE41B04584A00736C9D /* Supporting Files */,
			);
			path = SKPingServicesTests;
			sourceTree = "<group>";
		};
		3CD24FE41B04584A00736C9D /* Supporting Files */ = {
			isa = PBXGroup;
			children = (
				3CD24FE51B04584A00736C9D /* Info.plist */,
			);
			name = "Supporting Files";
			sourceTree = "<group>";
		};
		3CD24FF01B04586300736C9D /* SimplePing */ = {
			isa = PBXGroup;
			children = (
				3CD24FF11B04586300736C9D /* SimplePing.h */,
				3CD24FF21B04586300736C9D /* SimplePing.m */,
				3CD24FF31B04586300736C9D /* SKPingServices.h */,
				3CD24FF41B04586300736C9D /* SKPingServices.m */,
			);
			path = SimplePing;
			sourceTree = "<group>";
		};
/* End PBXGroup section */

/* Begin PBXNativeTarget section */
		3CD24FC61B04584A00736C9D /* SKPingServices */ = {
			isa = PBXNativeTarget;
			buildConfigurationList = 3CD24FEA1B04584A00736C9D /* Build configuration list for PBXNativeTarget "SKPingServices" */;
			buildPhases = (
				3CD24FC31B04584A00736C9D /* Sources */,
				3CD24FC41B04584A00736C9D /* Frameworks */,
				3CD24FC51B04584A00736C9D /* Resources */,
			);
			buildRules = (
			);
			dependencies = (
			);
			name = SKPingServices;
			productName = SKPingServices;
			productReference = 3CD24FC71B04584A00736C9D /* SKPingServices.app */;
			productType = "com.apple.product-type.application";
		};
		3CD24FDF1B04584A00736C9D /* SKPingServicesTests */ = {
			isa = PBXNativeTarget;
			buildConfigurationList = 3CD24FED1B04584A00736C9D /* Build configuration list for PBXNativeTarget "SKPingServicesTests" */;
			buildPhases = (
				3CD24FDC1B04584A00736C9D /* Sources */,
				3CD24FDD1B04584A00736C9D /* Frameworks */,
				3CD24FDE1B04584A00736C9D /* Resources */,
			);
			buildRules = (
			);
			dependencies = (
				3CD24FE21B04584A00736C9D /* PBXTargetDependency */,
			);
			name = SKPingServicesTests;
			productName = SKPingServicesTests;
			productReference = 3CD24FE01B04584A00736C9D /* SKPingServicesTests.xctest */;
			productType = "com.apple.product-type.bundle.unit-test";
		};
/* End PBXNativeTarget section */

/* Begin PBXProject section */
		3CD24FBF1B04584A00736C9D /* Project object */ = {
			isa = PBXProject;
			attributes = {
				LastUpgradeCheck = 0630;
				ORGANIZATIONNAME = King;
				TargetAttributes = {
					3CD24FC61B04584A00736C9D = {
						CreatedOnToolsVersion = 6.3.1;
					};
					3CD24FDF1B04584A00736C9D = {
						CreatedOnToolsVersion = 6.3.1;
						TestTargetID = 3CD24FC61B04584A00736C9D;
					};
				};
			};
			buildConfigurationList = 3CD24FC21B04584A00736C9D /* Build configuration list for PBXProject "SKPingServices" */;
			compatibilityVersion = "Xcode 3.2";
			developmentRegion = English;
			hasScannedForEncodings = 0;
			knownRegions = (
				en,
				Base,
			);
			mainGroup = 3CD24FBE1B04584A00736C9D;
			productRefGroup = 3CD24FC81B04584A00736C9D /* Products */;
			projectDirPath = "";
			projectRoot = "";
			targets = (
				3CD24FC61B04584A00736C9D /* SKPingServices */,
				3CD24FDF1B04584A00736C9D /* SKPingServicesTests */,
			);
		};
/* End PBXProject section */

/* Begin PBXResourcesBuildPhase section */
		3CD24FC51B04584A00736C9D /* Resources */ = {
			isa = PBXResourcesBuildPhase;
			buildActionMask = 2147483647;
			files = (
				3CD24FD61B04584A00736C9D /* Main.storyboard in Resources */,
				3CD24FDB1B04584A00736C9D /* LaunchScreen.xib in Resources */,
				3CD24FD81B04584A00736C9D /* Images.xcassets in Resources */,
			);
			runOnlyForDeploymentPostprocessing = 0;
		};
		3CD24FDE1B04584A00736C9D /* Resources */ = {
			isa = PBXResourcesBuildPhase;
			buildActionMask = 2147483647;
			files = (
			);
			runOnlyForDeploymentPostprocessing = 0;
		};
/* End PBXResourcesBuildPhase section */

/* Begin PBXSourcesBuildPhase section */
		3CD24FC31B04584A00736C9D /* Sources */ = {
			isa = PBXSourcesBuildPhase;
			buildActionMask = 2147483647;
			files = (
				3CD24FD31B04584A00736C9D /* ViewController.m in Sources */,
				3CD24FD01B04584A00736C9D /* AppDelegate.m in Sources */,
				3CD24FCD1B04584A00736C9D /* main.m in Sources */,
				3CD24FF61B04586300736C9D /* SKPingServices.m in Sources */,
				3CD24FF51B04586300736C9D /* SimplePing.m in Sources */,
			);
			runOnlyForDeploymentPostprocessing = 0;
		};
		3CD24FDC1B04584A00736C9D /* Sources */ = {
			isa = PBXSourcesBuildPhase;
			buildActionMask = 2147483647;
			files = (
				3CD24FE71B04584A00736C9D /* SKPingServicesTests.m in Sources */,
			);
			runOnlyForDeploymentPostprocessing = 0;
		};
/* End PBXSourcesBuildPhase section */

/* Begin PBXTargetDependency section */
		3CD24FE21B04584A00736C9D /* PBXTargetDependency */ = {
			isa = PBXTargetDependency;
			target = 3CD24FC61B04584A00736C9D /* SKPingServices */;
			targetProxy = 3CD24FE11B04584A00736C9D /* PBXContainerItemProxy */;
		};
/* End PBXTargetDependency section */

/* Begin PBXVariantGroup section */
		3CD24FD41B04584A00736C9D /* Main.storyboard */ = {
			isa = PBXVariantGroup;
			children = (
				3CD24FD51B04584A00736C9D /* Base */,
			);
			name = Main.storyboard;
			sourceTree = "<group>";
		};
		3CD24FD91B04584A00736C9D /* LaunchScreen.xib */ = {
			isa = PBXVariantGroup;
			children = (
				3CD24FDA1B04584A00736C9D /* Base */,
			);
			name = LaunchScreen.xib;
			sourceTree = "<group>";
		};
/* End PBXVariantGroup section */

/* Begin XCBuildConfiguration section */
		3CD24FE81B04584A00736C9D /* Debug */ = {
			isa = XCBuildConfiguration;
			buildSettings = {
				ALWAYS_SEARCH_USER_PATHS = NO;
				CLANG_CXX_LANGUAGE_STANDARD = "gnu++0x";
				CLANG_CXX_LIBRARY = "libc++";
				CLANG_ENABLE_MODULES = YES;
				CLANG_ENABLE_OBJC_ARC = YES;
				CLANG_WARN_BOOL_CONVERSION = YES;
				CLANG_WARN_CONSTANT_CONVERSION = YES;
				CLANG_WARN_DIRECT_OBJC_ISA_USAGE = YES_ERROR;
				CLANG_WARN_EMPTY_BODY = YES;
				CLANG_WARN_ENUM_CONVERSION = YES;
				CLANG_WARN_INT_CONVERSION = YES;
				CLANG_WARN_OBJC_ROOT_CLASS = YES_ERROR;
				CLANG_WARN_UNREACHABLE_CODE = YES;
				CLANG_WARN__DUPLICATE_METHOD_MATCH = YES;
				"CODE_SIGN_IDENTITY[sdk=iphoneos*]" = "iPhone Developer";
				COPY_PHASE_STRIP = NO;
				DEBUG_INFORMATION_FORMAT = "dwarf-with-dsym";
				ENABLE_STRICT_OBJC_MSGSEND = YES;
				GCC_C_LANGUAGE_STANDARD = gnu99;
				GCC_DYNAMIC_NO_PIC = NO;
				GCC_NO_COMMON_BLOCKS = YES;
				GCC_OPTIMIZATION_LEVEL = 0;
				GCC_PREPROCESSOR_DEFINITIONS = (
					"DEBUG=1",
					"$(inherited)",
				);
				GCC_SYMBOLS_PRIVATE_EXTERN = NO;
				GCC_WARN_64_TO_32_BIT_CONVERSION = YES;
				GCC_WARN_ABOUT_RETURN_TYPE = YES_ERROR;
				GCC_WARN_UNDECLARED_SELECTOR = YES;
				GCC_WARN_UNINITIALIZED_AUTOS = YES_AGGRESSIVE;
				GCC_WARN_UNUSED_FUNCTION = YES;
				GCC_WARN_UNUSED_VARIABLE = YES;
				IPHONEOS_DEPLOYMENT_TARGET = 8.3;
				MTL_ENABLE_DEBUG_INFO = YES;
				ONLY_ACTIVE_ARCH = YES;
				SDKROOT = iphoneos;
				TARGETED_DEVICE_FAMILY = "1,2";
			};
			name = Debug;
		};
		3CD24FE91B04584A00736C9D /* Release */ = {
			isa = XCBuildConfiguration;
			buildSettings = {
				ALWAYS_SEARCH_USER_PATHS = NO;
				CLANG_CXX_LANGUAGE_STANDARD = "gnu++0x";
				CLANG_CXX_LIBRARY = "libc++";
				CLANG_ENABLE_MODULES = YES;
				CLANG_ENABLE_OBJC_ARC = YES;
				CLANG_WARN_BOOL_CONVERSION = YES;
				CLANG_WARN_CONSTANT_CONVERSION = YES;
				CLANG_WARN_DIRECT_OBJC_ISA_USAGE = YES_ERROR;
				CLANG_WARN_EMPTY_BODY = YES;
				CLANG_WARN_ENUM_CONVERSION = YES;
				CLANG_WARN_INT_CONVERSION = YES;
				CLANG_WARN_OBJC_ROOT_CLASS = YES_ERROR;
				CLANG_WARN_UNREACHABLE_CODE = YES;
				CLANG_WARN__DUPLICATE_METHOD_MATCH = YES;
				"CODE_SIGN_IDENTITY[sdk=iphoneos*]" = "iPhone Developer";
				COPY_PHASE_STRIP = NO;
				DEBUG_INFORMATION_FORMAT = "dwarf-with-dsym";
				ENABLE_NS_ASSERTIONS = NO;
				ENABLE_STRICT_OBJC_MSGSEND = YES;
				GCC_C_LANGUAGE_STANDARD = gnu99;
				GCC_NO_COMMON_BLOCKS = YES;
				GCC_WARN_64_TO_32_BIT_CONVERSION = YES;
				GCC_WARN_ABOUT_RETURN_TYPE = YES_ERROR;
				GCC_WARN_UNDECLARED_SELECTOR = YES;
				GCC_WARN_UNINITIALIZED_AUTOS = YES_AGGRESSIVE;
				GCC_WARN_UNUSED_FUNCTION = YES;
				GCC_WARN_UNUSED_VARIABLE = YES;
				IPHONEOS_DEPLOYMENT_TARGET = 8.3;
				MTL_ENABLE_DEBUG_INFO = NO;
				SDKROOT = iphoneos;
				TARGETED_DEVICE_FAMILY = "1,2";
				VALIDATE_PRODUCT = YES;
			};
			name = Release;
		};
		3CD24FEB1B04584A00736C9D /* Debug */ = {
			isa = XCBuildConfiguration;
			buildSettings = {
				ASSETCATALOG_COMPILER_APPICON_NAME = AppIcon;
				INFOPLIST_FILE = SKPingServices/Info.plist;
				LD_RUNPATH_SEARCH_PATHS = "$(inherited) @executable_path/Frameworks";
				PRODUCT_NAME = "$(TARGET_NAME)";
			};
			name = Debug;
		};
		3CD24FEC1B04584A00736C9D /* Release */ = {
			isa = XCBuildConfiguration;
			buildSettings = {
				ASSETCATALOG_COMPILER_APPICON_NAME = AppIcon;
				INFOPLIST_FILE = SKPingServices/Info.plist;
				LD_RUNPATH_SEARCH_PATHS = "$(inherited) @executable_path/Frameworks";
				PRODUCT_NAME = "$(TARGET_NAME)";
			};
			name = Release;
		};
		3CD24FEE1B04584A00736C9D /* Debug */ = {
			isa = XCBuildConfiguration;
			buildSettings = {
				BUNDLE_LOADER = "$(TEST_HOST)";
				FRAMEWORK_SEARCH_PATHS = (
					"$(SDKROOT)/Developer/Library/Frameworks",
					"$(inherited)",
				);
				GCC_PREPROCESSOR_DEFINITIONS = (
					"DEBUG=1",
					"$(inherited)",
				);
				INFOPLIST_FILE = SKPingServicesTests/Info.plist;
				LD_RUNPATH_SEARCH_PATHS = "$(inherited) @executable_path/Frameworks @loader_path/Frameworks";
				PRODUCT_NAME = "$(TARGET_NAME)";
				TEST_HOST = "$(BUILT_PRODUCTS_DIR)/SKPingServices.app/SKPingServices";
			};
			name = Debug;
		};
		3CD24FEF1B04584A00736C9D /* Release */ = {
			isa = XCBuildConfiguration;
			buildSettings = {
				BUNDLE_LOADER = "$(TEST_HOST)";
				FRAMEWORK_SEARCH_PATHS = (
					"$(SDKROOT)/Developer/Library/Frameworks",
					"$(inherited)",
				);
				INFOPLIST_FILE = SKPingServicesTests/Info.plist;
				LD_RUNPATH_SEARCH_PATHS = "$(inherited) @executable_path/Frameworks @loader_path/Frameworks";
				PRODUCT_NAME = "$(TARGET_NAME)";
				TEST_HOST = "$(BUILT_PRODUCTS_DIR)/SKPingServices.app/SKPingServices";
			};
			name = Release;
		};
/* End XCBuildConfiguration section */

/* Begin XCConfigurationList section */
		3CD24FC21B04584A00736C9D /* Build configuration list for PBXProject "SKPingServices" */ = {
			isa = XCConfigurationList;
			buildConfigurations = (
				3CD24FE81B04584A00736C9D /* Debug */,
				3CD24FE91B04584A00736C9D /* Release */,
			);
			defaultConfigurationIsVisible = 0;
			defaultConfigurationName = Release;
		};
		3CD24FEA1B04584A00736C9D /* Build configuration list for PBXNativeTarget "SKPingServices" */ = {
			isa = XCConfigurationList;
			buildConfigurations = (
				3CD24FEB1B04584A00736C9D /* Debug */,
				3CD24FEC1B04584A00736C9D /* Release */,
			);
			defaultConfigurationIsVisible = 0;
		};
		3CD24FED1B04584A00736C9D /* Build configuration list for PBXNativeTarget "SKPingServicesTests" */ = {
			isa = XCConfigurationList;
			buildConfigurations = (
				3CD24FEE1B04584A00736C9D /* Debug */,
				3CD24FEF1B04584A00736C9D /* Release */,
			);
			defaultConfigurationIsVisible = 0;
		};
/* End XCConfigurationList section */
	};
	rootObject = 3CD24FBF1B04584A00736C9D /* Project object */;
}
